<Solution>
  <Folder Name="/src/">
    <Project Path="src/WorkGroup.App/WorkGroup.App.csproj" />
    <Project Path="src/WorkGroup.Application/WorkGroup.Application.csproj" />
    <Project Path="src/WorkGroup.Domain/WorkGroup.Domain.csproj" />
    <Project Path="src/WorkGroup.Infrastructure/WorkGroup.Infrastructure.csproj" />
  </Folder>
  <Folder Name="/tests/">
    <Project Path="tests/WorkGroup.Application.Tests/WorkGroup.Application.Tests.csproj" />
    <Project Path="tests/WorkGroup.Domain.Tests/WorkGroup.Domain.Tests.csproj" />
  </Folder>
</Solution>
